
Microsoft Visual Studio Solution File, Format Version 12.00
# Visual Studio Version 17
VisualStudioVersion = 17.12.35527.113
MinimumVisualStudioVersion = 10.0.40219.1
Project("{FAE04EC0-301F-11D3-BF4B-00C04F79EFBC}") = "ParkingManagementSystem", "ParkingManagementSystem\ParkingManagementSystem.csproj", "{5D19280E-87E3-4AC8-986D-C1A0DE9E0A02}"
EndProject
Project("{FAE04EC0-301F-11D3-BF4B-00C04F79EFBC}") = "ParkingManagementSystem2", "ParkingManagementSystem2\ParkingManagementSystem2.csproj", "{58B0A089-27FE-46F3-925F-B466952C9408}"
EndProject
Project("{FAE04EC0-301F-11D3-BF4B-00C04F79EFBC}") = "Problems", "Problems\Problems.csproj", "{83DA04FE-1ACA-4085-A787-832702E24FEE}"
EndProject
Project("{FAE04EC0-301F-11D3-BF4B-00C04F79EFBC}") = "SingleLinkedList", "SingleLinkedList\SingleLinkedList.csproj", "{FB929555-D32F-474E-A0D9-6C277813492A}"
EndProject
Project("{FAE04EC0-301F-11D3-BF4B-00C04F79EFBC}") = "Collections", "Collections\Collections.csproj", "{8B69E1FA-A316-46B5-A204-7DA64A90BFBB}"
EndProject
Project("{FAE04EC0-301F-11D3-BF4B-00C04F79EFBC}") = "cONTACKbOOK", "cONTACKbOOK\cONTACKbOOK.csproj", "{D276B449-B17C-4F3E-95A6-D64A575B0742}"
EndProject
Global
	GlobalSection(SolutionConfigurationPlatforms) = preSolution
		Debug|Any CPU = Debug|Any CPU
		Release|Any CPU = Release|Any CPU
	EndGlobalSection
	GlobalSection(ProjectConfigurationPlatforms) = postSolution
		{5D19280E-87E3-4AC8-986D-C1A0DE9E0A02}.Debug|Any CPU.ActiveCfg = Debug|Any CPU
		{5D19280E-87E3-4AC8-986D-C1A0DE9E0A02}.Debug|Any CPU.Build.0 = Debug|Any CPU
		{5D19280E-87E3-4AC8-986D-C1A0DE9E0A02}.Release|Any CPU.ActiveCfg = Release|Any CPU
		{5D19280E-87E3-4AC8-986D-C1A0DE9E0A02}.Release|Any CPU.Build.0 = Release|Any CPU
		{58B0A089-27FE-46F3-925F-B466952C9408}.Debug|Any CPU.ActiveCfg = Debug|Any CPU
		{58B0A089-27FE-46F3-925F-B466952C9408}.Debug|Any CPU.Build.0 = Debug|Any CPU
		{58B0A089-27FE-46F3-925F-B466952C9408}.Release|Any CPU.ActiveCfg = Release|Any CPU
		{58B0A089-27FE-46F3-925F-B466952C9408}.Release|Any CPU.Build.0 = Release|Any CPU
		{83DA04FE-1ACA-4085-A787-832702E24FEE}.Debug|Any CPU.ActiveCfg = Debug|Any CPU
		{83DA04FE-1ACA-4085-A787-832702E24FEE}.Debug|Any CPU.Build.0 = Debug|Any CPU
		{83DA04FE-1ACA-4085-A787-832702E24FEE}.Release|Any CPU.ActiveCfg = Release|Any CPU
		{83DA04FE-1ACA-4085-A787-832702E24FEE}.Release|Any CPU.Build.0 = Release|Any CPU
		{FB929555-D32F-474E-A0D9-6C277813492A}.Debug|Any CPU.ActiveCfg = Debug|Any CPU
		{FB929555-D32F-474E-A0D9-6C277813492A}.Debug|Any CPU.Build.0 = Debug|Any CPU
		{FB929555-D32F-474E-A0D9-6C277813492A}.Release|Any CPU.ActiveCfg = Release|Any CPU
		{FB929555-D32F-474E-A0D9-6C277813492A}.Release|Any CPU.Build.0 = Release|Any CPU
		{8B69E1FA-A316-46B5-A204-7DA64A90BFBB}.Debug|Any CPU.ActiveCfg = Debug|Any CPU
		{8B69E1FA-A316-46B5-A204-7DA64A90BFBB}.Debug|Any CPU.Build.0 = Debug|Any CPU
		{8B69E1FA-A316-46B5-A204-7DA64A90BFBB}.Release|Any CPU.ActiveCfg = Release|Any CPU
		{8B69E1FA-A316-46B5-A204-7DA64A90BFBB}.Release|Any CPU.Build.0 = Release|Any CPU
		{D276B449-B17C-4F3E-95A6-D64A575B0742}.Debug|Any CPU.ActiveCfg = Debug|Any CPU
		{D276B449-B17C-4F3E-95A6-D64A575B0742}.Debug|Any CPU.Build.0 = Debug|Any CPU
		{D276B449-B17C-4F3E-95A6-D64A575B0742}.Release|Any CPU.ActiveCfg = Release|Any CPU
		{D276B449-B17C-4F3E-95A6-D64A575B0742}.Release|Any CPU.Build.0 = Release|Any CPU
	EndGlobalSection
	GlobalSection(SolutionProperties) = preSolution
		HideSolutionNode = FALSE
	EndGlobalSection
EndGlobal
